// !$*UTF8*$!
{
	archiveVersion = 1;
	classes = {
	};
	objectVersion = 46;
	objects = {

/* Begin PBXBuildFile section */
		2CFAC3F519EB0FAC00345D34 /* main.m in Sources */ = {isa = PBXBuildFile; fileRef = 2CFAC3F419EB0FAC00345D34 /* main.m */; };
		2CFAC3F819EB0FAC00345D34 /* AppDelegate.m in Sources */ = {isa = PBXBuildFile; fileRef = 2CFAC3F719EB0FAC00345D34 /* AppDelegate.m */; };
		2CFAC3FE19EB0FAC00345D34 /* Main.storyboard in Resources */ = {isa = PBXBuildFile; fileRef = 2CFAC3FC19EB0FAC00345D34 /* Main.storyboard */; };
		2CFAC40019EB0FAC00345D34 /* Images.xcassets in Resources */ = {isa = PBXBuildFile; fileRef = 2CFAC3FF19EB0FAC00345D34 /* Images.xcassets */; };
		2CFAC40319EB0FAC00345D34 /* LaunchScreen.xib in Resources */ = {isa = PBXBuildFile; fileRef = 2CFAC40119EB0FAC00345D34 /* LaunchScreen.xib */; };
		2CFAC40F19EB0FAC00345D34 /* HW3_ShareInfoTests.m in Sources */ = {isa = PBXBuildFile; fileRef = 2CFAC40E19EB0FAC00345D34 /* HW3_ShareInfoTests.m */; };
		2CFAC41A19EB102E00345D34 /* TabBarClass.m in Sources */ = {isa = PBXBuildFile; fileRef = 2CFAC41919EB102E00345D34 /* TabBarClass.m */; };
		2CFAC41D19EB132900345D34 /* Cell_Table.m in Sources */ = {isa = PBXBuildFile; fileRef = 2CFAC41C19EB132900345D34 /* Cell_Table.m */; };
		2CFAC42019EB13D900345D34 /* ViewController_Table.m in Sources */ = {isa = PBXBuildFile; fileRef = 2CFAC41F19EB13D900345D34 /* ViewController_Table.m */; };
		2CFAC42319EB13EB00345D34 /* ViewController_Picker.m in Sources */ = {isa = PBXBuildFile; fileRef = 2CFAC42219EB13EB00345D34 /* ViewController_Picker.m */; };
		2CFAC42619EB140D00345D34 /* ViewController_PickerDate.m in Sources */ = {isa = PBXBuildFile; fileRef = 2CFAC42519EB140D00345D34 /* ViewController_PickerDate.m */; };
		2CFAC43219EB1E6900345D34 /* A3.jpg in Resources */ = {isa = PBXBuildFile; fileRef = 2CFAC42819EB1E6900345D34 /* A3.jpg */; };
		2CFAC43319EB1E6900345D34 /* Atittude.JPG in Resources */ = {isa = PBXBuildFile; fileRef = 2CFAC42919EB1E6900345D34 /* Atittude.JPG */; };
		2CFAC43419EB1E6900345D34 /* Dart.jpg in Resources */ = {isa = PBXBuildFile; fileRef = 2CFAC42A19EB1E6900345D34 /* Dart.jpg */; };
		2CFAC43519EB1E6900345D34 /* Fiesta.jpg in Resources */ = {isa = PBXBuildFile; fileRef = 2CFAC42B19EB1E6900345D34 /* Fiesta.jpg */; };
		2CFAC43619EB1E6900345D34 /* fusion.jpg in Resources */ = {isa = PBXBuildFile; fileRef = 2CFAC42C19EB1E6900345D34 /* fusion.jpg */; };
		2CFAC43719EB1E6900345D34 /* Ibiza.jpg in Resources */ = {isa = PBXBuildFile; fileRef = 2CFAC42D19EB1E6900345D34 /* Ibiza.jpg */; };
		2CFAC43819EB1E6900345D34 /* Leon.jpg in Resources */ = {isa = PBXBuildFile; fileRef = 2CFAC42E19EB1E6900345D34 /* Leon.jpg */; };
		2CFAC43919EB1E6900345D34 /* Mazda3.jpg in Resources */ = {isa = PBXBuildFile; fileRef = 2CFAC42F19EB1E6900345D34 /* Mazda3.jpg */; };
		2CFAC43A19EB1E6900345D34 /* Nissan.jpg in Resources */ = {isa = PBXBuildFile; fileRef = 2CFAC43019EB1E6900345D34 /* Nissan.jpg */; };
		2CFAC43B19EB1E6900345D34 /* Sonic.jpg in Resources */ = {isa = PBXBuildFile; fileRef = 2CFAC43119EB1E6900345D34 /* Sonic.jpg */; };
		2CFAC43D19EB232200345D34 /* batimovil2014.jpg in Resources */ = {isa = PBXBuildFile; fileRef = 2CFAC43C19EB232200345D34 /* batimovil2014.jpg */; };
/* End PBXBuildFile section */

/* Begin PBXContainerItemProxy section */
		2CFAC40919EB0FAC00345D34 /* PBXContainerItemProxy */ = {
			isa = PBXContainerItemProxy;
			containerPortal = 2CFAC3E719EB0FAC00345D34 /* Project object */;
			proxyType = 1;
			remoteGlobalIDString = 2CFAC3EE19EB0FAC00345D34;
			remoteInfo = HW3_ShareInfo;
		};
/* End PBXContainerItemProxy section */

/* Begin PBXFileReference section */
		2CFAC3EF19EB0FAC00345D34 /* HW3_ShareInfo.app */ = {isa = PBXFileReference; explicitFileType = wrapper.application; includeInIndex = 0; path = HW3_ShareInfo.app; sourceTree = BUILT_PRODUCTS_DIR; };
		2CFAC3F319EB0FAC00345D34 /* Info.plist */ = {isa = PBXFileReference; lastKnownFileType = text.plist.xml; path = Info.plist; sourceTree = "<group>"; };
		2CFAC3F419EB0FAC00345D34 /* main.m */ = {isa = PBXFileReference; lastKnownFileType = sourcecode.c.objc; path = main.m; sourceTree = "<group>"; };
		2CFAC3F619EB0FAC00345D34 /* AppDelegate.h */ = {isa = PBXFileReference; lastKnownFileType = sourcecode.c.h; path = AppDelegate.h; sourceTree = "<group>"; };
		2CFAC3F719EB0FAC00345D34 /* AppDelegate.m */ = {isa = PBXFileReference; lastKnownFileType = sourcecode.c.objc; path = AppDelegate.m; sourceTree = "<group>"; };
		2CFAC3FD19EB0FAC00345D34 /* Base */ = {isa = PBXFileReference; lastKnownFileType = file.storyboard; name = Base; path = Base.lproj/Main.storyboard; sourceTree = "<group>"; };
		2CFAC3FF19EB0FAC00345D34 /* Images.xcassets */ = {isa = PBXFileReference; lastKnownFileType = folder.assetcatalog; path = Images.xcassets; sourceTree = "<group>"; };
		2CFAC40219EB0FAC00345D34 /* Base */ = {isa = PBXFileReference; lastKnownFileType = file.xib; name = Base; path = Base.lproj/LaunchScreen.xib; sourceTree = "<group>"; };
		2CFAC40819EB0FAC00345D34 /* HW3_ShareInfoTests.xctest */ = {isa = PBXFileReference; explicitFileType = wrapper.cfbundle; includeInIndex = 0; path = HW3_ShareInfoTests.xctest; sourceTree = BUILT_PRODUCTS_DIR; };
		2CFAC40D19EB0FAC00345D34 /* Info.plist */ = {isa = PBXFileReference; lastKnownFileType = text.plist.xml; path = Info.plist; sourceTree = "<group>"; };
		2CFAC40E19EB0FAC00345D34 /* HW3_ShareInfoTests.m */ = {isa = PBXFileReference; lastKnownFileType = sourcecode.c.objc; path = HW3_ShareInfoTests.m; sourceTree = "<group>"; };
		2CFAC41819EB102E00345D34 /* TabBarClass.h */ = {isa = PBXFileReference; fileEncoding = 4; lastKnownFileType = sourcecode.c.h; name = TabBarClass.h; path = ../TabBarClass.h; sourceTree = "<group>"; };
		2CFAC41919EB102E00345D34 /* TabBarClass.m */ = {isa = PBXFileReference; fileEncoding = 4; lastKnownFileType = sourcecode.c.objc; name = TabBarClass.m; path = ../TabBarClass.m; sourceTree = "<group>"; };
		2CFAC41B19EB132900345D34 /* Cell_Table.h */ = {isa = PBXFileReference; fileEncoding = 4; lastKnownFileType = sourcecode.c.h; path = Cell_Table.h; sourceTree = "<group>"; };
		2CFAC41C19EB132900345D34 /* Cell_Table.m */ = {isa = PBXFileReference; fileEncoding = 4; lastKnownFileType = sourcecode.c.objc; path = Cell_Table.m; sourceTree = "<group>"; };
		2CFAC41E19EB13D900345D34 /* ViewController_Table.h */ = {isa = PBXFileReference; fileEncoding = 4; lastKnownFileType = sourcecode.c.h; name = ViewController_Table.h; path = ../ViewController_Table.h; sourceTree = "<group>"; };
		2CFAC41F19EB13D900345D34 /* ViewController_Table.m */ = {isa = PBXFileReference; fileEncoding = 4; lastKnownFileType = sourcecode.c.objc; name = ViewController_Table.m; path = ../ViewController_Table.m; sourceTree = "<group>"; };
		2CFAC42119EB13EB00345D34 /* ViewController_Picker.h */ = {isa = PBXFileReference; fileEncoding = 4; lastKnownFileType = sourcecode.c.h; name = ViewController_Picker.h; path = ../ViewController_Picker.h; sourceTree = "<group>"; };
		2CFAC42219EB13EB00345D34 /* ViewController_Picker.m */ = {isa = PBXFileReference; fileEncoding = 4; lastKnownFileType = sourcecode.c.objc; name = ViewController_Picker.m; path = ../ViewController_Picker.m; sourceTree = "<group>"; };
		2CFAC42419EB140D00345D34 /* ViewController_PickerDate.h */ = {isa = PBXFileReference; fileEncoding = 4; lastKnownFileType = sourcecode.c.h; name = ViewController_PickerDate.h; path = ../ViewController_PickerDate.h; sourceTree = "<group>"; };
		2CFAC42519EB140D00345D34 /* ViewController_PickerDate.m */ = {isa = PBXFileReference; fileEncoding = 4; lastKnownFileType = sourcecode.c.objc; name = ViewController_PickerDate.m; path = ../ViewController_PickerDate.m; sourceTree = "<group>"; };
		2CFAC42819EB1E6900345D34 /* A3.jpg */ = {isa = PBXFileReference; lastKnownFileType = image.jpeg; path = A3.jpg; sourceTree = "<group>"; };
		2CFAC42919EB1E6900345D34 /* Atittude.JPG */ = {isa = PBXFileReference; lastKnownFileType = image.jpeg; path = Atittude.JPG; sourceTree = "<group>"; };
		2CFAC42A19EB1E6900345D34 /* Dart.jpg */ = {isa = PBXFileReference; lastKnownFileType = image.jpeg; path = Dart.jpg; sourceTree = "<group>"; };
		2CFAC42B19EB1E6900345D34 /* Fiesta.jpg */ = {isa = PBXFileReference; lastKnownFileType = image.jpeg; path = Fiesta.jpg; sourceTree = "<group>"; };
		2CFAC42C19EB1E6900345D34 /* fusion.jpg */ = {isa = PBXFileReference; lastKnownFileType = image.jpeg; path = fusion.jpg; sourceTree = "<group>"; };
		2CFAC42D19EB1E6900345D34 /* Ibiza.jpg */ = {isa = PBXFileReference; lastKnownFileType = image.jpeg; path = Ibiza.jpg; sourceTree = "<group>"; };
		2CFAC42E19EB1E6900345D34 /* Leon.jpg */ = {isa = PBXFileReference; lastKnownFileType = image.jpeg; path = Leon.jpg; sourceTree = "<group>"; };
		2CFAC42F19EB1E6900345D34 /* Mazda3.jpg */ = {isa = PBXFileReference; lastKnownFileType = image.jpeg; path = Mazda3.jpg; sourceTree = "<group>"; };
		2CFAC43019EB1E6900345D34 /* Nissan.jpg */ = {isa = PBXFileReference; lastKnownFileType = image.jpeg; path = Nissan.jpg; sourceTree = "<group>"; };
		2CFAC43119EB1E6900345D34 /* Sonic.jpg */ = {isa = PBXFileReference; lastKnownFileType = image.jpeg; path = Sonic.jpg; sourceTree = "<group>"; };
		2CFAC43C19EB232200345D34 /* batimovil2014.jpg */ = {isa = PBXFileReference; lastKnownFileType = image.jpeg; path = batimovil2014.jpg; sourceTree = "<group>"; };
/* End PBXFileReference section */

/* Begin PBXFrameworksBuildPhase section */
		2CFAC3EC19EB0FAC00345D34 /* Frameworks */ = {
			isa = PBXFrameworksBuildPhase;
			buildActionMask = 2147483647;
			files = (
			);
			runOnlyForDeploymentPostprocessing = 0;
		};
		2CFAC40519EB0FAC00345D34 /* Frameworks */ = {
			isa = PBXFrameworksBuildPhase;
			buildActionMask = 2147483647;
			files = (
			);
			runOnlyForDeploymentPostprocessing = 0;
		};
/* End PBXFrameworksBuildPhase section */

/* Begin PBXGroup section */
		2CFAC3E619EB0FAC00345D34 = {
			isa = PBXGroup;
			children = (
				2CFAC3F119EB0FAC00345D34 /* HW3_ShareInfo */,
				2CFAC40B19EB0FAC00345D34 /* HW3_ShareInfoTests */,
				2CFAC3F019EB0FAC00345D34 /* Products */,
			);
			sourceTree = "<group>";
		};
		2CFAC3F019EB0FAC00345D34 /* Products */ = {
			isa = PBXGroup;
			children = (
				2CFAC3EF19EB0FAC00345D34 /* HW3_ShareInfo.app */,
				2CFAC40819EB0FAC00345D34 /* HW3_ShareInfoTests.xctest */,
			);
			name = Products;
			sourceTree = "<group>";
		};
		2CFAC3F119EB0FAC00345D34 /* HW3_ShareInfo */ = {
			isa = PBXGroup;
			children = (
				2CFAC3F619EB0FAC00345D34 /* AppDelegate.h */,
				2CFAC3F719EB0FAC00345D34 /* AppDelegate.m */,
				2CFAC41819EB102E00345D34 /* TabBarClass.h */,
				2CFAC41919EB102E00345D34 /* TabBarClass.m */,
				2CFAC41E19EB13D900345D34 /* ViewController_Table.h */,
				2CFAC41F19EB13D900345D34 /* ViewController_Table.m */,
				2CFAC42119EB13EB00345D34 /* ViewController_Picker.h */,
				2CFAC42219EB13EB00345D34 /* ViewController_Picker.m */,
				2CFAC42419EB140D00345D34 /* ViewController_PickerDate.h */,
				2CFAC42519EB140D00345D34 /* ViewController_PickerDate.m */,
				2CFAC3FC19EB0FAC00345D34 /* Main.storyboard */,
				2CFAC3FF19EB0FAC00345D34 /* Images.xcassets */,
				2CFAC40119EB0FAC00345D34 /* LaunchScreen.xib */,
				2CFAC3F219EB0FAC00345D34 /* Supporting Files */,
			);
			path = HW3_ShareInfo;
			sourceTree = "<group>";
		};
		2CFAC3F219EB0FAC00345D34 /* Supporting Files */ = {
			isa = PBXGroup;
			children = (
				2CFAC42719EB1E6900345D34 /* img */,
				2CFAC3F319EB0FAC00345D34 /* Info.plist */,
				2CFAC3F419EB0FAC00345D34 /* main.m */,
				2CFAC41B19EB132900345D34 /* Cell_Table.h */,
				2CFAC41C19EB132900345D34 /* Cell_Table.m */,
			);
			name = "Supporting Files";
			sourceTree = "<group>";
		};
		2CFAC40B19EB0FAC00345D34 /* HW3_ShareInfoTests */ = {
			isa = PBXGroup;
			children = (
				2CFAC40E19EB0FAC00345D34 /* HW3_ShareInfoTests.m */,
				2CFAC40C19EB0FAC00345D34 /* Supporting Files */,
			);
			path = HW3_ShareInfoTests;
			sourceTree = "<group>";
		};
		2CFAC40C19EB0FAC00345D34 /* Supporting Files */ = {
			isa = PBXGroup;
			children = (
				2CFAC40D19EB0FAC00345D34 /* Info.plist */,
			);
			name = "Supporting Files";
			sourceTree = "<group>";
		};
		2CFAC42719EB1E6900345D34 /* img */ = {
			isa = PBXGroup;
			children = (
				2CFAC43C19EB232200345D34 /* batimovil2014.jpg */,
				2CFAC42819EB1E6900345D34 /* A3.jpg */,
				2CFAC42919EB1E6900345D34 /* Atittude.JPG */,
				2CFAC42A19EB1E6900345D34 /* Dart.jpg */,
				2CFAC42B19EB1E6900345D34 /* Fiesta.jpg */,
				2CFAC42C19EB1E6900345D34 /* fusion.jpg */,
				2CFAC42D19EB1E6900345D34 /* Ibiza.jpg */,
				2CFAC42E19EB1E6900345D34 /* Leon.jpg */,
				2CFAC42F19EB1E6900345D34 /* Mazda3.jpg */,
				2CFAC43019EB1E6900345D34 /* Nissan.jpg */,
				2CFAC43119EB1E6900345D34 /* Sonic.jpg */,
			);
			path = img;
			sourceTree = SOURCE_ROOT;
		};
/* End PBXGroup section */

/* Begin PBXNativeTarget section */
		2CFAC3EE19EB0FAC00345D34 /* HW3_ShareInfo */ = {
			isa = PBXNativeTarget;
			buildConfigurationList = 2CFAC41219EB0FAC00345D34 /* Build configuration list for PBXNativeTarget "HW3_ShareInfo" */;
			buildPhases = (
				2CFAC3EB19EB0FAC00345D34 /* Sources */,
				2CFAC3EC19EB0FAC00345D34 /* Frameworks */,
				2CFAC3ED19EB0FAC00345D34 /* Resources */,
			);
			buildRules = (
			);
			dependencies = (
			);
			name = HW3_ShareInfo;
			productName = HW3_ShareInfo;
			productReference = 2CFAC3EF19EB0FAC00345D34 /* HW3_ShareInfo.app */;
			productType = "com.apple.product-type.application";
		};
		2CFAC40719EB0FAC00345D34 /* HW3_ShareInfoTests */ = {
			isa = PBXNativeTarget;
			buildConfigurationList = 2CFAC41519EB0FAC00345D34 /* Build configuration list for PBXNativeTarget "HW3_ShareInfoTests" */;
			buildPhases = (
				2CFAC40419EB0FAC00345D34 /* Sources */,
				2CFAC40519EB0FAC00345D34 /* Frameworks */,
				2CFAC40619EB0FAC00345D34 /* Resources */,
			);
			buildRules = (
			);
			dependencies = (
				2CFAC40A19EB0FAC00345D34 /* PBXTargetDependency */,
			);
			name = HW3_ShareInfoTests;
			productName = HW3_ShareInfoTests;
			productReference = 2CFAC40819EB0FAC00345D34 /* HW3_ShareInfoTests.xctest */;
			productType = "com.apple.product-type.bundle.unit-test";
		};
/* End PBXNativeTarget section */

/* Begin PBXProject section */
		2CFAC3E719EB0FAC00345D34 /* Project object */ = {
			isa = PBXProject;
			attributes = {
				LastUpgradeCheck = 0600;
				ORGANIZATIONNAME = "Edgar González";
				TargetAttributes = {
					2CFAC3EE19EB0FAC00345D34 = {
						CreatedOnToolsVersion = 6.0.1;
					};
					2CFAC40719EB0FAC00345D34 = {
						CreatedOnToolsVersion = 6.0.1;
						TestTargetID = 2CFAC3EE19EB0FAC00345D34;
					};
				};
			};
			buildConfigurationList = 2CFAC3EA19EB0FAC00345D34 /* Build configuration list for PBXProject "HW3_ShareInfo" */;
			compatibilityVersion = "Xcode 3.2";
			developmentRegion = English;
			hasScannedForEncodings = 0;
			knownRegions = (
				en,
				Base,
			);
			mainGroup = 2CFAC3E619EB0FAC00345D34;
			productRefGroup = 2CFAC3F019EB0FAC00345D34 /* Products */;
			projectDirPath = "";
			projectRoot = "";
			targets = (
				2CFAC3EE19EB0FAC00345D34 /* HW3_ShareInfo */,
				2CFAC40719EB0FAC00345D34 /* HW3_ShareInfoTests */,
			);
		};
/* End PBXProject section */

/* Begin PBXResourcesBuildPhase section */
		2CFAC3ED19EB0FAC00345D34 /* Resources */ = {
			isa = PBXResourcesBuildPhase;
			buildActionMask = 2147483647;
			files = (
				2CFAC43519EB1E6900345D34 /* Fiesta.jpg in Resources */,
				2CFAC3FE19EB0FAC00345D34 /* Main.storyboard in Resources */,
				2CFAC43319EB1E6900345D34 /* Atittude.JPG in Resources */,
				2CFAC43419EB1E6900345D34 /* Dart.jpg in Resources */,
				2CFAC43D19EB232200345D34 /* batimovil2014.jpg in Resources */,
				2CFAC43219EB1E6900345D34 /* A3.jpg in Resources */,
				2CFAC43B19EB1E6900345D34 /* Sonic.jpg in Resources */,
				2CFAC43619EB1E6900345D34 /* fusion.jpg in Resources */,
				2CFAC43719EB1E6900345D34 /* Ibiza.jpg in Resources */,
				2CFAC43819EB1E6900345D34 /* Leon.jpg in Resources */,
				2CFAC43919EB1E6900345D34 /* Mazda3.jpg in Resources */,
				2CFAC43A19EB1E6900345D34 /* Nissan.jpg in Resources */,
				2CFAC40319EB0FAC00345D34 /* LaunchScreen.xib in Resources */,
				2CFAC40019EB0FAC00345D34 /* Images.xcassets in Resources */,
			);
			runOnlyForDeploymentPostprocessing = 0;
		};
		2CFAC40619EB0FAC00345D34 /* Resources */ = {
			isa = PBXResourcesBuildPhase;
			buildActionMask = 2147483647;
			files = (
			);
			runOnlyForDeploymentPostprocessing = 0;
		};
/* End PBXResourcesBuildPhase section */

/* Begin PBXSourcesBuildPhase section */
		2CFAC3EB19EB0FAC00345D34 /* Sources */ = {
			isa = PBXSourcesBuildPhase;
			buildActionMask = 2147483647;
			files = (
				2CFAC42319EB13EB00345D34 /* ViewController_Picker.m in Sources */,
				2CFAC3F819EB0FAC00345D34 /* AppDelegate.m in Sources */,
				2CFAC41A19EB102E00345D34 /* TabBarClass.m in Sources */,
				2CFAC42019EB13D900345D34 /* ViewController_Table.m in Sources */,
				2CFAC41D19EB132900345D34 /* Cell_Table.m in Sources */,
				2CFAC42619EB140D00345D34 /* ViewController_PickerDate.m in Sources */,
				2CFAC3F519EB0FAC00345D34 /* main.m in Sources */,
			);
			runOnlyForDeploymentPostprocessing = 0;
		};
		2CFAC40419EB0FAC00345D34 /* Sources */ = {
			isa = PBXSourcesBuildPhase;
			buildActionMask = 2147483647;
			files = (
				2CFAC40F19EB0FAC00345D34 /* HW3_ShareInfoTests.m in Sources */,
			);
			runOnlyForDeploymentPostprocessing = 0;
		};
/* End PBXSourcesBuildPhase section */

/* Begin PBXTargetDependency section */
		2CFAC40A19EB0FAC00345D34 /* PBXTargetDependency */ = {
			isa = PBXTargetDependency;
			target = 2CFAC3EE19EB0FAC00345D34 /* HW3_ShareInfo */;
			targetProxy = 2CFAC40919EB0FAC00345D34 /* PBXContainerItemProxy */;
		};
/* End PBXTargetDependency section */

/* Begin PBXVariantGroup section */
		2CFAC3FC19EB0FAC00345D34 /* Main.storyboard */ = {
			isa = PBXVariantGroup;
			children = (
				2CFAC3FD19EB0FAC00345D34 /* Base */,
			);
			name = Main.storyboard;
			sourceTree = "<group>";
		};
		2CFAC40119EB0FAC00345D34 /* LaunchScreen.xib */ = {
			isa = PBXVariantGroup;
			children = (
				2CFAC40219EB0FAC00345D34 /* Base */,
			);
			name = LaunchScreen.xib;
			sourceTree = "<group>";
		};
/* End PBXVariantGroup section */

/* Begin XCBuildConfiguration section */
		2CFAC41019EB0FAC00345D34 /* Debug */ = {
			isa = XCBuildConfiguration;
			buildSettings = {
				ALWAYS_SEARCH_USER_PATHS = NO;
				CLANG_CXX_LANGUAGE_STANDARD = "gnu++0x";
				CLANG_CXX_LIBRARY = "libc++";
				CLANG_ENABLE_MODULES = YES;
				CLANG_ENABLE_OBJC_ARC = YES;
				CLANG_WARN_BOOL_CONVERSION = YES;
				CLANG_WARN_CONSTANT_CONVERSION = YES;
				CLANG_WARN_DIRECT_OBJC_ISA_USAGE = YES_ERROR;
				CLANG_WARN_EMPTY_BODY = YES;
				CLANG_WARN_ENUM_CONVERSION = YES;
				CLANG_WARN_INT_CONVERSION = YES;
				CLANG_WARN_OBJC_ROOT_CLASS = YES_ERROR;
				CLANG_WARN_UNREACHABLE_CODE = YES;
				CLANG_WARN__DUPLICATE_METHOD_MATCH = YES;
				"CODE_SIGN_IDENTITY[sdk=iphoneos*]" = "iPhone Developer";
				COPY_PHASE_STRIP = NO;
				ENABLE_STRICT_OBJC_MSGSEND = YES;
				GCC_C_LANGUAGE_STANDARD = gnu99;
				GCC_DYNAMIC_NO_PIC = NO;
				GCC_OPTIMIZATION_LEVEL = 0;
				GCC_PREPROCESSOR_DEFINITIONS = (
					"DEBUG=1",
					"$(inherited)",
				);
				GCC_SYMBOLS_PRIVATE_EXTERN = NO;
				GCC_WARN_64_TO_32_BIT_CONVERSION = YES;
				GCC_WARN_ABOUT_RETURN_TYPE = YES_ERROR;
				GCC_WARN_UNDECLARED_SELECTOR = YES;
				GCC_WARN_UNINITIALIZED_AUTOS = YES_AGGRESSIVE;
				GCC_WARN_UNUSED_FUNCTION = YES;
				GCC_WARN_UNUSED_VARIABLE = YES;
				IPHONEOS_DEPLOYMENT_TARGET = 8.0;
				MTL_ENABLE_DEBUG_INFO = YES;
				ONLY_ACTIVE_ARCH = YES;
				SDKROOT = iphoneos;
			};
			name = Debug;
		};
		2CFAC41119EB0FAC00345D34 /* Release */ = {
			isa = XCBuildConfiguration;
			buildSettings = {
				ALWAYS_SEARCH_USER_PATHS = NO;
				CLANG_CXX_LANGUAGE_STANDARD = "gnu++0x";
				CLANG_CXX_LIBRARY = "libc++";
				CLANG_ENABLE_MODULES = YES;
				CLANG_ENABLE_OBJC_ARC = YES;
				CLANG_WARN_BOOL_CONVERSION = YES;
				CLANG_WARN_CONSTANT_CONVERSION = YES;
				CLANG_WARN_DIRECT_OBJC_ISA_USAGE = YES_ERROR;
				CLANG_WARN_EMPTY_BODY = YES;
				CLANG_WARN_ENUM_CONVERSION = YES;
				CLANG_WARN_INT_CONVERSION = YES;
				CLANG_WARN_OBJC_ROOT_CLASS = YES_ERROR;
				CLANG_WARN_UNREACHABLE_CODE = YES;
				CLANG_WARN__DUPLICATE_METHOD_MATCH = YES;
				"CODE_SIGN_IDENTITY[sdk=iphoneos*]" = "iPhone Developer";
				COPY_PHASE_STRIP = YES;
				ENABLE_NS_ASSERTIONS = NO;
				ENABLE_STRICT_OBJC_MSGSEND = YES;
				GCC_C_LANGUAGE_STANDARD = gnu99;
				GCC_WARN_64_TO_32_BIT_CONVERSION = YES;
				GCC_WARN_ABOUT_RETURN_TYPE = YES_ERROR;
				GCC_WARN_UNDECLARED_SELECTOR = YES;
				GCC_WARN_UNINITIALIZED_AUTOS = YES_AGGRESSIVE;
				GCC_WARN_UNUSED_FUNCTION = YES;
				GCC_WARN_UNUSED_VARIABLE = YES;
				IPHONEOS_DEPLOYMENT_TARGET = 8.0;
				MTL_ENABLE_DEBUG_INFO = NO;
				SDKROOT = iphoneos;
				VALIDATE_PRODUCT = YES;
			};
			name = Release;
		};
		2CFAC41319EB0FAC00345D34 /* Debug */ = {
			isa = XCBuildConfiguration;
			buildSettings = {
				ASSETCATALOG_COMPILER_APPICON_NAME = AppIcon;
				INFOPLIST_FILE = HW3_ShareInfo/Info.plist;
				LD_RUNPATH_SEARCH_PATHS = "$(inherited) @executable_path/Frameworks";
				PRODUCT_NAME = "$(TARGET_NAME)";
			};
			name = Debug;
		};
		2CFAC41419EB0FAC00345D34 /* Release */ = {
			isa = XCBuildConfiguration;
			buildSettings = {
				ASSETCATALOG_COMPILER_APPICON_NAME = AppIcon;
				INFOPLIST_FILE = HW3_ShareInfo/Info.plist;
				LD_RUNPATH_SEARCH_PATHS = "$(inherited) @executable_path/Frameworks";
				PRODUCT_NAME = "$(TARGET_NAME)";
			};
			name = Release;
		};
		2CFAC41619EB0FAC00345D34 /* Debug */ = {
			isa = XCBuildConfiguration;
			buildSettings = {
				BUNDLE_LOADER = "$(TEST_HOST)";
				FRAMEWORK_SEARCH_PATHS = (
					"$(SDKROOT)/Developer/Library/Frameworks",
					"$(inherited)",
				);
				GCC_PREPROCESSOR_DEFINITIONS = (
					"DEBUG=1",
					"$(inherited)",
				);
				INFOPLIST_FILE = HW3_ShareInfoTests/Info.plist;
				LD_RUNPATH_SEARCH_PATHS = "$(inherited) @executable_path/Frameworks @loader_path/Frameworks";
				PRODUCT_NAME = "$(TARGET_NAME)";
				TEST_HOST = "$(BUILT_PRODUCTS_DIR)/HW3_ShareInfo.app/HW3_ShareInfo";
			};
			name = Debug;
		};
		2CFAC41719EB0FAC00345D34 /* Release */ = {
			isa = XCBuildConfiguration;
			buildSettings = {
				BUNDLE_LOADER = "$(TEST_HOST)";
				FRAMEWORK_SEARCH_PATHS = (
					"$(SDKROOT)/Developer/Library/Frameworks",
					"$(inherited)",
				);
				INFOPLIST_FILE = HW3_ShareInfoTests/Info.plist;
				LD_RUNPATH_SEARCH_PATHS = "$(inherited) @executable_path/Frameworks @loader_path/Frameworks";
				PRODUCT_NAME = "$(TARGET_NAME)";
				TEST_HOST = "$(BUILT_PRODUCTS_DIR)/HW3_ShareInfo.app/HW3_ShareInfo";
			};
			name = Release;
		};
/* End XCBuildConfiguration section */

/* Begin XCConfigurationList section */
		2CFAC3EA19EB0FAC00345D34 /* Build configuration list for PBXProject "HW3_ShareInfo" */ = {
			isa = XCConfigurationList;
			buildConfigurations = (
				2CFAC41019EB0FAC00345D34 /* Debug */,
				2CFAC41119EB0FAC00345D34 /* Release */,
			);
			defaultConfigurationIsVisible = 0;
			defaultConfigurationName = Release;
		};
		2CFAC41219EB0FAC00345D34 /* Build configuration list for PBXNativeTarget "HW3_ShareInfo" */ = {
			isa = XCConfigurationList;
			buildConfigurations = (
				2CFAC41319EB0FAC00345D34 /* Debug */,
				2CFAC41419EB0FAC00345D34 /* Release */,
			);
			defaultConfigurationIsVisible = 0;
		};
		2CFAC41519EB0FAC00345D34 /* Build configuration list for PBXNativeTarget "HW3_ShareInfoTests" */ = {
			isa = XCConfigurationList;
			buildConfigurations = (
				2CFAC41619EB0FAC00345D34 /* Debug */,
				2CFAC41719EB0FAC00345D34 /* Release */,
			);
			defaultConfigurationIsVisible = 0;
		};
/* End XCConfigurationList section */
	};
	rootObject = 2CFAC3E719EB0FAC00345D34 /* Project object */;
}
